
Microsoft Visual Studio Solution File, Format Version 12.00
# Visual Studio 15
VisualStudioVersion = 15.0.27004.2008
MinimumVisualStudioVersion = 10.0.40219.1
Project("{FAE04EC0-301F-11D3-BF4B-00C04F79EFBC}") = "FreePrograming", "FreePrograming\FreePrograming.csproj", "{EE61C7D3-93AC-4918-B477-4E0F41B533CF}"
EndProject
Global
	GlobalSection(SolutionConfigurationPlatforms) = preSolution
		Debug|Any CPU = Debug|Any CPU
		Release|Any CPU = Release|Any CPU
	EndGlobalSection
	GlobalSection(ProjectConfigurationPlatforms) = postSolution
		{EE61C7D3-93AC-4918-B477-4E0F41B533CF}.Debug|Any CPU.ActiveCfg = Debug|Any CPU
		{EE61C7D3-93AC-4918-B477-4E0F41B533CF}.Debug|Any CPU.Build.0 = Debug|Any CPU
		{EE61C7D3-93AC-4918-B477-4E0F41B533CF}.Release|Any CPU.ActiveCfg = Release|Any CPU
		{EE61C7D3-93AC-4918-B477-4E0F41B533CF}.Release|Any CPU.Build.0 = Release|Any CPU
	EndGlobalSection
	GlobalSection(SolutionProperties) = preSolution
		HideSolutionNode = FALSE
	EndGlobalSection
	GlobalSection(ExtensibilityGlobals) = postSolution
		SolutionGuid = {4BA129B3-F4B3-4E06-A975-0E5A8D1AE55C}
	EndGlobalSection
EndGlobal
